
Microsoft Visual Studio Solution File, Format Version 12.00
# Visual Studio Version 17
VisualStudioVersion = 17.10.35013.160
MinimumVisualStudioVersion = 10.0.40219.1
Project("{FAE04EC0-301F-11D3-BF4B-00C04F79EFBC}") = "shy jrpg engine", "shy jrpg engine.csproj", "{1E0E8399-7824-4719-B0BD-D54BCFE7AD36}"
EndProject
Global
	GlobalSection(SolutionConfigurationPlatforms) = preSolution
		Debug|Any CPU = Debug|Any CPU
		Release|Any CPU = Release|Any CPU
	EndGlobalSection
	GlobalSection(ProjectConfigurationPlatforms) = postSolution
		{1E0E8399-7824-4719-B0BD-D54BCFE7AD36}.Debug|Any CPU.ActiveCfg = Debug|Any CPU
		{1E0E8399-7824-4719-B0BD-D54BCFE7AD36}.Debug|Any CPU.Build.0 = Debug|Any CPU
		{1E0E8399-7824-4719-B0BD-D54BCFE7AD36}.Release|Any CPU.ActiveCfg = Release|Any CPU
		{1E0E8399-7824-4719-B0BD-D54BCFE7AD36}.Release|Any CPU.Build.0 = Release|Any CPU
	EndGlobalSection
	GlobalSection(SolutionProperties) = preSolution
		HideSolutionNode = FALSE
	EndGlobalSection
	GlobalSection(ExtensibilityGlobals) = postSolution
		SolutionGuid = {02438697-523F-4045-969A-170BD3A46C11}
	EndGlobalSection
EndGlobal
